<Solution>
  <Folder Name="/build/">
    <File Path="build/Aprillz.MewUI.targets" />
    <File Path="build/Aprillz.MewUI.Windows.targets" />
  </Folder>
  <Folder Name="/draft/">
    <Project Path="src/MewUI.Concept/MewUI.Concept.csproj" />
  </Folder>
  <Folder Name="/samples/">
    <Project Path="samples/MewUI.Concept/MewUI.Concept.csproj" />
    <Project Path="samples/MewUI.Gallery/MewUI.Gallery.csproj" />
    <Project Path="samples/MewUI.ImeTest/MewUI.ImeTest.csproj" />
    <Project Path="samples/MewUI.Sample/MewUI.Sample.csproj" />
    <Project Path="samples/MewUI.Svg.Sample/MewUI.Svg.Sample.csproj" />
    <Project Path="samples/MewUI.Video.Sample/MewUI.Video.Sample.csproj" />
    <Project Path="samples/MewUI.Win32.WebView2.Sample/MewUI.Win32.WebView2.Sample.csproj" />
    <Project Path="samples/MewUI.WriteableBitmapSample/MewUI.WriteableBitmapSample.csproj" />
  </Folder>
  <Folder Name="/src/">
    <File Path="build/MewUI.Common.props" />
    <File Path="build/MewUI.Local.props" />
    <Project Path="src/MewUI.Backend.Direct2D/MewUI.Backend.Direct2D.csproj" />
    <Project Path="src/MewUI.Backend.Gdi/MewUI.Backend.Gdi.csproj" />
    <Project Path="src/MewUI.Backend.MewVG.MacOS/MewUI.Backend.MewVG.MacOS.csproj" />
    <Project Path="src/MewUI.Backend.MewVG.Win32/MewUI.Backend.MewVG.Win32.csproj" />
    <Project Path="src/MewUI.Backend.MewVG.X11/MewUI.Backend.MewVG.X11.csproj" />
    <Project Path="src/MewUI.Platform.MacOS/MewUI.Platform.MacOS.csproj" />
    <Project Path="src/MewUI.Platform.Win32/MewUI.Platform.Win32.csproj" />
    <Project Path="src/MewUI.Platform.X11/MewUI.Platform.X11.csproj" />
    <Project Path="src/MewUI.Svg/MewUI.Svg.csproj" />
    <Project Path="src/MewUI.Win32.WebView2/MewUI.Win32.WebView2.csproj" />
    <Project Path="src/MewUI/MewUI.csproj" />
  </Folder>
  <Folder Name="/external/">
    <Project Path="../MewVG/src/MewVG.Core/MewVG.Core.csproj" />
    <Project Path="../MewVG/src/MewVG.GL/MewVG.GL.csproj" />
    <Project Path="../MewVG/src/MewVG.Metal/MewVG.Metal.csproj" />
  </Folder>
  <Folder Name="/meta/">
    <File Path="meta/MewUI.Meta.props" />
    <Project Path="meta/MewUI.All/MewUI.All.csproj" />
    <Project Path="meta/MewUI.Linux/MewUI.Linux.csproj" />
    <Project Path="meta/MewUI.MacOS/MewUI.MacOS.csproj" />
    <Project Path="meta/MewUI.Windows/MewUI.Windows.csproj" />
  </Folder>
  <Folder Name="/tests/">
    <Project Path="tests/MewUI.GridLayoutTest/MewUI.GridLayoutTest.csproj" />
    <Project Path="tests/MewUI.GraphicsBackendTest/MewUI.GraphicsBackendTest.csproj" />
    <Project Path="tests/MewUI.TextBoxPerformance/MewUI.TextBoxPerformance.csproj" />
  </Folder>
</Solution>
